
Microsoft Visual Studio Solution File, Format Version 12.00
# Visual Studio 15
VisualStudioVersion = 15.0.35116.124
MinimumVisualStudioVersion = 10.0.40219.1
Project("{8BC9CEB8-8B4A-11D0-8D11-00A0C91BC942}") = "sw 개인 맵 11주차", "sw 개인 맵 11주차\sw 개인 맵 11주차.vcxproj", "{1794D1C8-2C5A-4032-8F4A-EB4F6F7FC715}"
EndProject
Global
	GlobalSection(SolutionConfigurationPlatforms) = preSolution
		Debug|x64 = Debug|x64
		Debug|x86 = Debug|x86
		Release|x64 = Release|x64
		Release|x86 = Release|x86
	EndGlobalSection
	GlobalSection(ProjectConfigurationPlatforms) = postSolution
		{1794D1C8-2C5A-4032-8F4A-EB4F6F7FC715}.Debug|x64.ActiveCfg = Debug|x64
		{1794D1C8-2C5A-4032-8F4A-EB4F6F7FC715}.Debug|x64.Build.0 = Debug|x64
		{1794D1C8-2C5A-4032-8F4A-EB4F6F7FC715}.Debug|x86.ActiveCfg = Debug|Win32
		{1794D1C8-2C5A-4032-8F4A-EB4F6F7FC715}.Debug|x86.Build.0 = Debug|Win32
		{1794D1C8-2C5A-4032-8F4A-EB4F6F7FC715}.Release|x64.ActiveCfg = Release|x64
		{1794D1C8-2C5A-4032-8F4A-EB4F6F7FC715}.Release|x64.Build.0 = Release|x64
		{1794D1C8-2C5A-4032-8F4A-EB4F6F7FC715}.Release|x86.ActiveCfg = Release|Win32
		{1794D1C8-2C5A-4032-8F4A-EB4F6F7FC715}.Release|x86.Build.0 = Release|Win32
	EndGlobalSection
	GlobalSection(SolutionProperties) = preSolution
		HideSolutionNode = FALSE
	EndGlobalSection
	GlobalSection(ExtensibilityGlobals) = postSolution
		SolutionGuid = {B87949CE-EC3F-4D5F-9B32-62A00A5AA77F}
	EndGlobalSection
EndGlobal
